
Microsoft Visual Studio Solution File, Format Version 12.00
# Visual Studio Version 17
VisualStudioVersion = 17.0.32014.148
MinimumVisualStudioVersion = 10.0.40219.1
Project("{9A19103F-16F7-4668-BE54-9A1E7A4F7556}") = "MegaCity", "MegaCity\MegaCity.csproj", "{4C997919-CA3A-4116-8AD5-8E33F26A9CC4}"
EndProject
Project("{FAE04EC0-301F-11D3-BF4B-00C04F79EFBC}") = "MegaCity.Tests", "MegaCity.Tests\MegaCity.Tests.csproj", "{3A510A3B-9ECC-4E7E-9723-081364D8FF5E}"
EndProject
Global
	GlobalSection(SolutionConfigurationPlatforms) = preSolution
		Debug|Any CPU = Debug|Any CPU
		Release|Any CPU = Release|Any CPU
	EndGlobalSection
	GlobalSection(ProjectConfigurationPlatforms) = postSolution
		{4C997919-CA3A-4116-8AD5-8E33F26A9CC4}.Debug|Any CPU.ActiveCfg = Debug|Any CPU
		{4C997919-CA3A-4116-8AD5-8E33F26A9CC4}.Debug|Any CPU.Build.0 = Debug|Any CPU
		{4C997919-CA3A-4116-8AD5-8E33F26A9CC4}.Release|Any CPU.ActiveCfg = Release|Any CPU
		{4C997919-CA3A-4116-8AD5-8E33F26A9CC4}.Release|Any CPU.Build.0 = Release|Any CPU
		{3A510A3B-9ECC-4E7E-9723-081364D8FF5E}.Debug|Any CPU.ActiveCfg = Debug|Any CPU
		{3A510A3B-9ECC-4E7E-9723-081364D8FF5E}.Debug|Any CPU.Build.0 = Debug|Any CPU
		{3A510A3B-9ECC-4E7E-9723-081364D8FF5E}.Release|Any CPU.ActiveCfg = Release|Any CPU
		{3A510A3B-9ECC-4E7E-9723-081364D8FF5E}.Release|Any CPU.Build.0 = Release|Any CPU
	EndGlobalSection
	GlobalSection(SolutionProperties) = preSolution
		HideSolutionNode = FALSE
	EndGlobalSection
	GlobalSection(ExtensibilityGlobals) = postSolution
		SolutionGuid = {057C7388-D326-4B6E-8C18-3D17C3891C9E}
	EndGlobalSection
EndGlobal
